
Microsoft Visual Studio Solution File, Format Version 12.00
# Visual Studio Version 16
VisualStudioVersion = 16.0.29009.5
MinimumVisualStudioVersion = 10.0.40219.1
Project("{9A19103F-16F7-4668-BE54-9A1E7A4F7556}") = "Gobln.Extensions", "src\Gobln.Extensions\Gobln.Extensions.csproj", "{70DCAA81-9505-47D8-BCD5-8A76F30D2A7C}"
EndProject
Project("{FAE04EC0-301F-11D3-BF4B-00C04F79EFBC}") = "Gobln.ExtensionsTest", "test\Gobln.ExtensionsTest\Gobln.ExtensionsTest.csproj", "{C5558BA9-263D-40E0-A342-18EAB1255ABD}"
EndProject
Global
	GlobalSection(SolutionConfigurationPlatforms) = preSolution
		Debug|Any CPU = Debug|Any CPU
		Release|Any CPU = Release|Any CPU
	EndGlobalSection
	GlobalSection(ProjectConfigurationPlatforms) = postSolution
		{70DCAA81-9505-47D8-BCD5-8A76F30D2A7C}.Debug|Any CPU.ActiveCfg = Debug|Any CPU
		{70DCAA81-9505-47D8-BCD5-8A76F30D2A7C}.Debug|Any CPU.Build.0 = Debug|Any CPU
		{70DCAA81-9505-47D8-BCD5-8A76F30D2A7C}.Release|Any CPU.ActiveCfg = Release|Any CPU
		{70DCAA81-9505-47D8-BCD5-8A76F30D2A7C}.Release|Any CPU.Build.0 = Release|Any CPU
		{C5558BA9-263D-40E0-A342-18EAB1255ABD}.Debug|Any CPU.ActiveCfg = Debug|Any CPU
		{C5558BA9-263D-40E0-A342-18EAB1255ABD}.Debug|Any CPU.Build.0 = Debug|Any CPU
		{C5558BA9-263D-40E0-A342-18EAB1255ABD}.Release|Any CPU.ActiveCfg = Release|Any CPU
		{C5558BA9-263D-40E0-A342-18EAB1255ABD}.Release|Any CPU.Build.0 = Release|Any CPU
	EndGlobalSection
	GlobalSection(SolutionProperties) = preSolution
		HideSolutionNode = FALSE
	EndGlobalSection
	GlobalSection(ExtensibilityGlobals) = postSolution
		SolutionGuid = {3D79949A-6F3B-4D97-A0FA-B2EA4412D66E}
	EndGlobalSection
EndGlobal
